
Microsoft Visual Studio Solution File, Format Version 12.00
# Visual Studio Version 17
VisualStudioVersion = 17.0.31903.59
MinimumVisualStudioVersion = 10.0.40219.1
Project("{2150E333-8FDC-42A3-9474-1A3956D46DE8}") = "src", "src", "{827E0CD3-B72D-47B6-A68D-7590B98EB39B}"
EndProject
Project("{FAE04EC0-301F-11D3-BF4B-00C04F79EFBC}") = "EventBooking.Domain", "src\EventBooking.Domain\EventBooking.Domain.csproj", "{97A7AF8B-ABF3-43A5-A1C8-F739EE56CC67}"
EndProject
Project("{FAE04EC0-301F-11D3-BF4B-00C04F79EFBC}") = "EventBooking.Application", "src\EventBooking.Application\EventBooking.Application.csproj", "{35CDE664-5E41-4D28-9AC6-338F3D48DEA2}"
EndProject
Project("{FAE04EC0-301F-11D3-BF4B-00C04F79EFBC}") = "EventBooking.Infrastructure", "src\EventBooking.Infrastructure\EventBooking.Infrastructure.csproj", "{70477CD1-BBC3-415A-93BA-B8F77528D22B}"
EndProject
Project("{FAE04EC0-301F-11D3-BF4B-00C04F79EFBC}") = "EventBooking.Api", "src\EventBooking.Api\EventBooking.Api.csproj", "{B73D7953-5D0F-419F-A2C9-3B987C9CF21A}"
EndProject
Project("{FAE04EC0-301F-11D3-BF4B-00C04F79EFBC}") = "EventBooking.Web", "src\EventBooking.Web\EventBooking.Web.csproj", "{61DD06BE-0C44-4597-A7F2-A2C8881E4CF4}"
EndProject
Project("{2150E333-8FDC-42A3-9474-1A3956D46DE8}") = "tests", "tests", "{0AB3BF05-4346-4AA6-1389-037BE0695223}"
EndProject
Project("{FAE04EC0-301F-11D3-BF4B-00C04F79EFBC}") = "EventBooking.Domain.Tests", "tests\EventBooking.Domain.Tests\EventBooking.Domain.Tests.csproj", "{E5F5E489-3EE1-4C9D-896C-B7C5EE565886}"
EndProject
Project("{FAE04EC0-301F-11D3-BF4B-00C04F79EFBC}") = "EventBooking.Application.Tests", "tests\EventBooking.Application.Tests\EventBooking.Application.Tests.csproj", "{B9B4735D-2E9A-440C-B76E-2492E50B4FE0}"
EndProject
Project("{FAE04EC0-301F-11D3-BF4B-00C04F79EFBC}") = "EventBooking.Infrastructure.Tests", "tests\EventBooking.Infrastructure.Tests\EventBooking.Infrastructure.Tests.csproj", "{30E28067-392E-4D12-AF5A-2C7E2DA093F8}"
EndProject
Project("{FAE04EC0-301F-11D3-BF4B-00C04F79EFBC}") = "EventBooking.Api.Tests", "tests\EventBooking.Api.Tests\EventBooking.Api.Tests.csproj", "{216F1881-BDBF-4381-A3FF-948E75C60446}"
EndProject
Project("{FAE04EC0-301F-11D3-BF4B-00C04F79EFBC}") = "EventBooking.Web.Tests", "tests\EventBooking.Web.Tests\EventBooking.Web.Tests.csproj", "{69443B2C-B26E-4533-BEDC-71BF9667FD0A}"
EndProject
Project("{FAE04EC0-301F-11D3-BF4B-00C04F79EFBC}") = "EventBooking.Api.Auth", "src\EventBooking.Api.Auth\EventBooking.Api.Auth.csproj", "{38C40F78-D31E-46FB-AEFD-0C0CF13BF4D5}"
EndProject
Project("{FAE04EC0-301F-11D3-BF4B-00C04F79EFBC}") = "EventBooking.SeedData", "src\EventBooking.SeedData\EventBooking.SeedData.csproj", "{40E29523-8E35-46FF-B332-325512633E46}"
EndProject
Project("{FAE04EC0-301F-11D3-BF4B-00C04F79EFBC}") = "EventBooking.SeedData.Tests", "tests\EventBooking.SeedData.Tests\EventBooking.SeedData.Tests.csproj", "{E77EE352-5701-4FBC-88FD-9CF9832483A8}"
EndProject
Project("{FAE04EC0-301F-11D3-BF4B-00C04F79EFBC}") = "EventBooking.Mcp", "src\EventBooking.Mcp\EventBooking.Mcp.csproj", "{C5E52C00-B8B2-482E-83BA-A312954D435C}"
EndProject
Project("{FAE04EC0-301F-11D3-BF4B-00C04F79EFBC}") = "EventBooking.Mcp.Tests", "tests\EventBooking.Mcp.Tests\EventBooking.Mcp.Tests.csproj", "{96EF204A-7317-46F4-B702-68D6548C65ED}"
EndProject
Project("{FAE04EC0-301F-11D3-BF4B-00C04F79EFBC}") = "EventBooking.Web.E2E", "tests\EventBooking.Web.E2E\EventBooking.Web.E2E.csproj", "{C18840A3-93FE-4F5A-AC88-FAA61008DC10}"
EndProject
Global
	GlobalSection(SolutionConfigurationPlatforms) = preSolution
		Debug|Any CPU = Debug|Any CPU
		Debug|x64 = Debug|x64
		Debug|x86 = Debug|x86
		Release|Any CPU = Release|Any CPU
		Release|x64 = Release|x64
		Release|x86 = Release|x86
	EndGlobalSection
	GlobalSection(ProjectConfigurationPlatforms) = postSolution
		{97A7AF8B-ABF3-43A5-A1C8-F739EE56CC67}.Debug|Any CPU.ActiveCfg = Debug|Any CPU
		{97A7AF8B-ABF3-43A5-A1C8-F739EE56CC67}.Debug|Any CPU.Build.0 = Debug|Any CPU
		{97A7AF8B-ABF3-43A5-A1C8-F739EE56CC67}.Debug|x64.ActiveCfg = Debug|Any CPU
		{97A7AF8B-ABF3-43A5-A1C8-F739EE56CC67}.Debug|x64.Build.0 = Debug|Any CPU
		{97A7AF8B-ABF3-43A5-A1C8-F739EE56CC67}.Debug|x86.ActiveCfg = Debug|Any CPU
		{97A7AF8B-ABF3-43A5-A1C8-F739EE56CC67}.Debug|x86.Build.0 = Debug|Any CPU
		{97A7AF8B-ABF3-43A5-A1C8-F739EE56CC67}.Release|Any CPU.ActiveCfg = Release|Any CPU
		{97A7AF8B-ABF3-43A5-A1C8-F739EE56CC67}.Release|Any CPU.Build.0 = Release|Any CPU
		{97A7AF8B-ABF3-43A5-A1C8-F739EE56CC67}.Release|x64.ActiveCfg = Release|Any CPU
		{97A7AF8B-ABF3-43A5-A1C8-F739EE56CC67}.Release|x64.Build.0 = Release|Any CPU
		{97A7AF8B-ABF3-43A5-A1C8-F739EE56CC67}.Release|x86.ActiveCfg = Release|Any CPU
		{97A7AF8B-ABF3-43A5-A1C8-F739EE56CC67}.Release|x86.Build.0 = Release|Any CPU
		{35CDE664-5E41-4D28-9AC6-338F3D48DEA2}.Debug|Any CPU.ActiveCfg = Debug|Any CPU
		{35CDE664-5E41-4D28-9AC6-338F3D48DEA2}.Debug|Any CPU.Build.0 = Debug|Any CPU
		{35CDE664-5E41-4D28-9AC6-338F3D48DEA2}.Debug|x64.ActiveCfg = Debug|Any CPU
		{35CDE664-5E41-4D28-9AC6-338F3D48DEA2}.Debug|x64.Build.0 = Debug|Any CPU
		{35CDE664-5E41-4D28-9AC6-338F3D48DEA2}.Debug|x86.ActiveCfg = Debug|Any CPU
		{35CDE664-5E41-4D28-9AC6-338F3D48DEA2}.Debug|x86.Build.0 = Debug|Any CPU
		{35CDE664-5E41-4D28-9AC6-338F3D48DEA2}.Release|Any CPU.ActiveCfg = Release|Any CPU
		{35CDE664-5E41-4D28-9AC6-338F3D48DEA2}.Release|Any CPU.Build.0 = Release|Any CPU
		{35CDE664-5E41-4D28-9AC6-338F3D48DEA2}.Release|x64.ActiveCfg = Release|Any CPU
		{35CDE664-5E41-4D28-9AC6-338F3D48DEA2}.Release|x64.Build.0 = Release|Any CPU
		{35CDE664-5E41-4D28-9AC6-338F3D48DEA2}.Release|x86.ActiveCfg = Release|Any CPU
		{35CDE664-5E41-4D28-9AC6-338F3D48DEA2}.Release|x86.Build.0 = Release|Any CPU
		{70477CD1-BBC3-415A-93BA-B8F77528D22B}.Debug|Any CPU.ActiveCfg = Debug|Any CPU
		{70477CD1-BBC3-415A-93BA-B8F77528D22B}.Debug|Any CPU.Build.0 = Debug|Any CPU
		{70477CD1-BBC3-415A-93BA-B8F77528D22B}.Debug|x64.ActiveCfg = Debug|Any CPU
		{70477CD1-BBC3-415A-93BA-B8F77528D22B}.Debug|x64.Build.0 = Debug|Any CPU
		{70477CD1-BBC3-415A-93BA-B8F77528D22B}.Debug|x86.ActiveCfg = Debug|Any CPU
		{70477CD1-BBC3-415A-93BA-B8F77528D22B}.Debug|x86.Build.0 = Debug|Any CPU
		{70477CD1-BBC3-415A-93BA-B8F77528D22B}.Release|Any CPU.ActiveCfg = Release|Any CPU
		{70477CD1-BBC3-415A-93BA-B8F77528D22B}.Release|Any CPU.Build.0 = Release|Any CPU
		{70477CD1-BBC3-415A-93BA-B8F77528D22B}.Release|x64.ActiveCfg = Release|Any CPU
		{70477CD1-BBC3-415A-93BA-B8F77528D22B}.Release|x64.Build.0 = Release|Any CPU
		{70477CD1-BBC3-415A-93BA-B8F77528D22B}.Release|x86.ActiveCfg = Release|Any CPU
		{70477CD1-BBC3-415A-93BA-B8F77528D22B}.Release|x86.Build.0 = Release|Any CPU
		{B73D7953-5D0F-419F-A2C9-3B987C9CF21A}.Debug|Any CPU.ActiveCfg = Debug|Any CPU
		{B73D7953-5D0F-419F-A2C9-3B987C9CF21A}.Debug|Any CPU.Build.0 = Debug|Any CPU
		{B73D7953-5D0F-419F-A2C9-3B987C9CF21A}.Debug|x64.ActiveCfg = Debug|Any CPU
		{B73D7953-5D0F-419F-A2C9-3B987C9CF21A}.Debug|x64.Build.0 = Debug|Any CPU
		{B73D7953-5D0F-419F-A2C9-3B987C9CF21A}.Debug|x86.ActiveCfg = Debug|Any CPU
		{B73D7953-5D0F-419F-A2C9-3B987C9CF21A}.Debug|x86.Build.0 = Debug|Any CPU
		{B73D7953-5D0F-419F-A2C9-3B987C9CF21A}.Release|Any CPU.ActiveCfg = Release|Any CPU
		{B73D7953-5D0F-419F-A2C9-3B987C9CF21A}.Release|Any CPU.Build.0 = Release|Any CPU
		{B73D7953-5D0F-419F-A2C9-3B987C9CF21A}.Release|x64.ActiveCfg = Release|Any CPU
		{B73D7953-5D0F-419F-A2C9-3B987C9CF21A}.Release|x64.Build.0 = Release|Any CPU
		{B73D7953-5D0F-419F-A2C9-3B987C9CF21A}.Release|x86.ActiveCfg = Release|Any CPU
		{B73D7953-5D0F-419F-A2C9-3B987C9CF21A}.Release|x86.Build.0 = Release|Any CPU
		{61DD06BE-0C44-4597-A7F2-A2C8881E4CF4}.Debug|Any CPU.ActiveCfg = Debug|Any CPU
		{61DD06BE-0C44-4597-A7F2-A2C8881E4CF4}.Debug|Any CPU.Build.0 = Debug|Any CPU
		{61DD06BE-0C44-4597-A7F2-A2C8881E4CF4}.Debug|x64.ActiveCfg = Debug|Any CPU
		{61DD06BE-0C44-4597-A7F2-A2C8881E4CF4}.Debug|x64.Build.0 = Debug|Any CPU
		{61DD06BE-0C44-4597-A7F2-A2C8881E4CF4}.Debug|x86.ActiveCfg = Debug|Any CPU
		{61DD06BE-0C44-4597-A7F2-A2C8881E4CF4}.Debug|x86.Build.0 = Debug|Any CPU
		{61DD06BE-0C44-4597-A7F2-A2C8881E4CF4}.Release|Any CPU.ActiveCfg = Release|Any CPU
		{61DD06BE-0C44-4597-A7F2-A2C8881E4CF4}.Release|Any CPU.Build.0 = Release|Any CPU
		{61DD06BE-0C44-4597-A7F2-A2C8881E4CF4}.Release|x64.ActiveCfg = Release|Any CPU
		{61DD06BE-0C44-4597-A7F2-A2C8881E4CF4}.Release|x64.Build.0 = Release|Any CPU
		{61DD06BE-0C44-4597-A7F2-A2C8881E4CF4}.Release|x86.ActiveCfg = Release|Any CPU
		{61DD06BE-0C44-4597-A7F2-A2C8881E4CF4}.Release|x86.Build.0 = Release|Any CPU
		{E5F5E489-3EE1-4C9D-896C-B7C5EE565886}.Debug|Any CPU.ActiveCfg = Debug|Any CPU
		{E5F5E489-3EE1-4C9D-896C-B7C5EE565886}.Debug|Any CPU.Build.0 = Debug|Any CPU
		{E5F5E489-3EE1-4C9D-896C-B7C5EE565886}.Debug|x64.ActiveCfg = Debug|Any CPU
		{E5F5E489-3EE1-4C9D-896C-B7C5EE565886}.Debug|x64.Build.0 = Debug|Any CPU
		{E5F5E489-3EE1-4C9D-896C-B7C5EE565886}.Debug|x86.ActiveCfg = Debug|Any CPU
		{E5F5E489-3EE1-4C9D-896C-B7C5EE565886}.Debug|x86.Build.0 = Debug|Any CPU
		{E5F5E489-3EE1-4C9D-896C-B7C5EE565886}.Release|Any CPU.ActiveCfg = Release|Any CPU
		{E5F5E489-3EE1-4C9D-896C-B7C5EE565886}.Release|Any CPU.Build.0 = Release|Any CPU
		{E5F5E489-3EE1-4C9D-896C-B7C5EE565886}.Release|x64.ActiveCfg = Release|Any CPU
		{E5F5E489-3EE1-4C9D-896C-B7C5EE565886}.Release|x64.Build.0 = Release|Any CPU
		{E5F5E489-3EE1-4C9D-896C-B7C5EE565886}.Release|x86.ActiveCfg = Release|Any CPU
		{E5F5E489-3EE1-4C9D-896C-B7C5EE565886}.Release|x86.Build.0 = Release|Any CPU
		{B9B4735D-2E9A-440C-B76E-2492E50B4FE0}.Debug|Any CPU.ActiveCfg = Debug|Any CPU
		{B9B4735D-2E9A-440C-B76E-2492E50B4FE0}.Debug|Any CPU.Build.0 = Debug|Any CPU
		{B9B4735D-2E9A-440C-B76E-2492E50B4FE0}.Debug|x64.ActiveCfg = Debug|Any CPU
		{B9B4735D-2E9A-440C-B76E-2492E50B4FE0}.Debug|x64.Build.0 = Debug|Any CPU
		{B9B4735D-2E9A-440C-B76E-2492E50B4FE0}.Debug|x86.ActiveCfg = Debug|Any CPU
		{B9B4735D-2E9A-440C-B76E-2492E50B4FE0}.Debug|x86.Build.0 = Debug|Any CPU
		{B9B4735D-2E9A-440C-B76E-2492E50B4FE0}.Release|Any CPU.ActiveCfg = Release|Any CPU
		{B9B4735D-2E9A-440C-B76E-2492E50B4FE0}.Release|Any CPU.Build.0 = Release|Any CPU
		{B9B4735D-2E9A-440C-B76E-2492E50B4FE0}.Release|x64.ActiveCfg = Release|Any CPU
		{B9B4735D-2E9A-440C-B76E-2492E50B4FE0}.Release|x64.Build.0 = Release|Any CPU
		{B9B4735D-2E9A-440C-B76E-2492E50B4FE0}.Release|x86.ActiveCfg = Release|Any CPU
		{B9B4735D-2E9A-440C-B76E-2492E50B4FE0}.Release|x86.Build.0 = Release|Any CPU
		{30E28067-392E-4D12-AF5A-2C7E2DA093F8}.Debug|Any CPU.ActiveCfg = Debug|Any CPU
		{30E28067-392E-4D12-AF5A-2C7E2DA093F8}.Debug|Any CPU.Build.0 = Debug|Any CPU
		{30E28067-392E-4D12-AF5A-2C7E2DA093F8}.Debug|x64.ActiveCfg = Debug|Any CPU
		{30E28067-392E-4D12-AF5A-2C7E2DA093F8}.Debug|x64.Build.0 = Debug|Any CPU
		{30E28067-392E-4D12-AF5A-2C7E2DA093F8}.Debug|x86.ActiveCfg = Debug|Any CPU
		{30E28067-392E-4D12-AF5A-2C7E2DA093F8}.Debug|x86.Build.0 = Debug|Any CPU
		{30E28067-392E-4D12-AF5A-2C7E2DA093F8}.Release|Any CPU.ActiveCfg = Release|Any CPU
		{30E28067-392E-4D12-AF5A-2C7E2DA093F8}.Release|Any CPU.Build.0 = Release|Any CPU
		{30E28067-392E-4D12-AF5A-2C7E2DA093F8}.Release|x64.ActiveCfg = Release|Any CPU
		{30E28067-392E-4D12-AF5A-2C7E2DA093F8}.Release|x64.Build.0 = Release|Any CPU
		{30E28067-392E-4D12-AF5A-2C7E2DA093F8}.Release|x86.ActiveCfg = Release|Any CPU
		{30E28067-392E-4D12-AF5A-2C7E2DA093F8}.Release|x86.Build.0 = Release|Any CPU
		{216F1881-BDBF-4381-A3FF-948E75C60446}.Debug|Any CPU.ActiveCfg = Debug|Any CPU
		{216F1881-BDBF-4381-A3FF-948E75C60446}.Debug|Any CPU.Build.0 = Debug|Any CPU
		{216F1881-BDBF-4381-A3FF-948E75C60446}.Debug|x64.ActiveCfg = Debug|Any CPU
		{216F1881-BDBF-4381-A3FF-948E75C60446}.Debug|x64.Build.0 = Debug|Any CPU
		{216F1881-BDBF-4381-A3FF-948E75C60446}.Debug|x86.ActiveCfg = Debug|Any CPU
		{216F1881-BDBF-4381-A3FF-948E75C60446}.Debug|x86.Build.0 = Debug|Any CPU
		{216F1881-BDBF-4381-A3FF-948E75C60446}.Release|Any CPU.ActiveCfg = Release|Any CPU
		{216F1881-BDBF-4381-A3FF-948E75C60446}.Release|Any CPU.Build.0 = Release|Any CPU
		{216F1881-BDBF-4381-A3FF-948E75C60446}.Release|x64.ActiveCfg = Release|Any CPU
		{216F1881-BDBF-4381-A3FF-948E75C60446}.Release|x64.Build.0 = Release|Any CPU
		{216F1881-BDBF-4381-A3FF-948E75C60446}.Release|x86.ActiveCfg = Release|Any CPU
		{216F1881-BDBF-4381-A3FF-948E75C60446}.Release|x86.Build.0 = Release|Any CPU
		{69443B2C-B26E-4533-BEDC-71BF9667FD0A}.Debug|Any CPU.ActiveCfg = Debug|Any CPU
		{69443B2C-B26E-4533-BEDC-71BF9667FD0A}.Debug|Any CPU.Build.0 = Debug|Any CPU
		{69443B2C-B26E-4533-BEDC-71BF9667FD0A}.Debug|x64.ActiveCfg = Debug|Any CPU
		{69443B2C-B26E-4533-BEDC-71BF9667FD0A}.Debug|x64.Build.0 = Debug|Any CPU
		{69443B2C-B26E-4533-BEDC-71BF9667FD0A}.Debug|x86.ActiveCfg = Debug|Any CPU
		{69443B2C-B26E-4533-BEDC-71BF9667FD0A}.Debug|x86.Build.0 = Debug|Any CPU
		{69443B2C-B26E-4533-BEDC-71BF9667FD0A}.Release|Any CPU.ActiveCfg = Release|Any CPU
		{69443B2C-B26E-4533-BEDC-71BF9667FD0A}.Release|Any CPU.Build.0 = Release|Any CPU
		{69443B2C-B26E-4533-BEDC-71BF9667FD0A}.Release|x64.ActiveCfg = Release|Any CPU
		{69443B2C-B26E-4533-BEDC-71BF9667FD0A}.Release|x64.Build.0 = Release|Any CPU
		{69443B2C-B26E-4533-BEDC-71BF9667FD0A}.Release|x86.ActiveCfg = Release|Any CPU
		{69443B2C-B26E-4533-BEDC-71BF9667FD0A}.Release|x86.Build.0 = Release|Any CPU
		{38C40F78-D31E-46FB-AEFD-0C0CF13BF4D5}.Debug|Any CPU.ActiveCfg = Debug|Any CPU
		{38C40F78-D31E-46FB-AEFD-0C0CF13BF4D5}.Debug|Any CPU.Build.0 = Debug|Any CPU
		{38C40F78-D31E-46FB-AEFD-0C0CF13BF4D5}.Debug|x64.ActiveCfg = Debug|Any CPU
		{38C40F78-D31E-46FB-AEFD-0C0CF13BF4D5}.Debug|x64.Build.0 = Debug|Any CPU
		{38C40F78-D31E-46FB-AEFD-0C0CF13BF4D5}.Debug|x86.ActiveCfg = Debug|Any CPU
		{38C40F78-D31E-46FB-AEFD-0C0CF13BF4D5}.Debug|x86.Build.0 = Debug|Any CPU
		{38C40F78-D31E-46FB-AEFD-0C0CF13BF4D5}.Release|Any CPU.ActiveCfg = Release|Any CPU
		{38C40F78-D31E-46FB-AEFD-0C0CF13BF4D5}.Release|Any CPU.Build.0 = Release|Any CPU
		{38C40F78-D31E-46FB-AEFD-0C0CF13BF4D5}.Release|x64.ActiveCfg = Release|Any CPU
		{38C40F78-D31E-46FB-AEFD-0C0CF13BF4D5}.Release|x64.Build.0 = Release|Any CPU
		{38C40F78-D31E-46FB-AEFD-0C0CF13BF4D5}.Release|x86.ActiveCfg = Release|Any CPU
		{38C40F78-D31E-46FB-AEFD-0C0CF13BF4D5}.Release|x86.Build.0 = Release|Any CPU
		{40E29523-8E35-46FF-B332-325512633E46}.Debug|Any CPU.ActiveCfg = Debug|Any CPU
		{40E29523-8E35-46FF-B332-325512633E46}.Debug|Any CPU.Build.0 = Debug|Any CPU
		{40E29523-8E35-46FF-B332-325512633E46}.Debug|x64.ActiveCfg = Debug|Any CPU
		{40E29523-8E35-46FF-B332-325512633E46}.Debug|x64.Build.0 = Debug|Any CPU
		{40E29523-8E35-46FF-B332-325512633E46}.Debug|x86.ActiveCfg = Debug|Any CPU
		{40E29523-8E35-46FF-B332-325512633E46}.Debug|x86.Build.0 = Debug|Any CPU
		{40E29523-8E35-46FF-B332-325512633E46}.Release|Any CPU.ActiveCfg = Release|Any CPU
		{40E29523-8E35-46FF-B332-325512633E46}.Release|Any CPU.Build.0 = Release|Any CPU
		{40E29523-8E35-46FF-B332-325512633E46}.Release|x64.ActiveCfg = Release|Any CPU
		{40E29523-8E35-46FF-B332-325512633E46}.Release|x64.Build.0 = Release|Any CPU
		{40E29523-8E35-46FF-B332-325512633E46}.Release|x86.ActiveCfg = Release|Any CPU
		{40E29523-8E35-46FF-B332-325512633E46}.Release|x86.Build.0 = Release|Any CPU
		{E77EE352-5701-4FBC-88FD-9CF9832483A8}.Debug|Any CPU.ActiveCfg = Debug|Any CPU
		{E77EE352-5701-4FBC-88FD-9CF9832483A8}.Debug|Any CPU.Build.0 = Debug|Any CPU
		{E77EE352-5701-4FBC-88FD-9CF9832483A8}.Debug|x64.ActiveCfg = Debug|Any CPU
		{E77EE352-5701-4FBC-88FD-9CF9832483A8}.Debug|x64.Build.0 = Debug|Any CPU
		{E77EE352-5701-4FBC-88FD-9CF9832483A8}.Debug|x86.ActiveCfg = Debug|Any CPU
		{E77EE352-5701-4FBC-88FD-9CF9832483A8}.Debug|x86.Build.0 = Debug|Any CPU
		{E77EE352-5701-4FBC-88FD-9CF9832483A8}.Release|Any CPU.ActiveCfg = Release|Any CPU
		{E77EE352-5701-4FBC-88FD-9CF9832483A8}.Release|Any CPU.Build.0 = Release|Any CPU
		{E77EE352-5701-4FBC-88FD-9CF9832483A8}.Release|x64.ActiveCfg = Release|Any CPU
		{E77EE352-5701-4FBC-88FD-9CF9832483A8}.Release|x64.Build.0 = Release|Any CPU
		{E77EE352-5701-4FBC-88FD-9CF9832483A8}.Release|x86.ActiveCfg = Release|Any CPU
		{E77EE352-5701-4FBC-88FD-9CF9832483A8}.Release|x86.Build.0 = Release|Any CPU
		{C5E52C00-B8B2-482E-83BA-A312954D435C}.Debug|Any CPU.ActiveCfg = Debug|Any CPU
		{C5E52C00-B8B2-482E-83BA-A312954D435C}.Debug|Any CPU.Build.0 = Debug|Any CPU
		{C5E52C00-B8B2-482E-83BA-A312954D435C}.Debug|x64.ActiveCfg = Debug|Any CPU
		{C5E52C00-B8B2-482E-83BA-A312954D435C}.Debug|x64.Build.0 = Debug|Any CPU
		{C5E52C00-B8B2-482E-83BA-A312954D435C}.Debug|x86.ActiveCfg = Debug|Any CPU
		{C5E52C00-B8B2-482E-83BA-A312954D435C}.Debug|x86.Build.0 = Debug|Any CPU
		{C5E52C00-B8B2-482E-83BA-A312954D435C}.Release|Any CPU.ActiveCfg = Release|Any CPU
		{C5E52C00-B8B2-482E-83BA-A312954D435C}.Release|Any CPU.Build.0 = Release|Any CPU
		{C5E52C00-B8B2-482E-83BA-A312954D435C}.Release|x64.ActiveCfg = Release|Any CPU
		{C5E52C00-B8B2-482E-83BA-A312954D435C}.Release|x64.Build.0 = Release|Any CPU
		{C5E52C00-B8B2-482E-83BA-A312954D435C}.Release|x86.ActiveCfg = Release|Any CPU
		{C5E52C00-B8B2-482E-83BA-A312954D435C}.Release|x86.Build.0 = Release|Any CPU
		{96EF204A-7317-46F4-B702-68D6548C65ED}.Debug|Any CPU.ActiveCfg = Debug|Any CPU
		{96EF204A-7317-46F4-B702-68D6548C65ED}.Debug|Any CPU.Build.0 = Debug|Any CPU
		{96EF204A-7317-46F4-B702-68D6548C65ED}.Debug|x64.ActiveCfg = Debug|Any CPU
		{96EF204A-7317-46F4-B702-68D6548C65ED}.Debug|x64.Build.0 = Debug|Any CPU
		{96EF204A-7317-46F4-B702-68D6548C65ED}.Debug|x86.ActiveCfg = Debug|Any CPU
		{96EF204A-7317-46F4-B702-68D6548C65ED}.Debug|x86.Build.0 = Debug|Any CPU
		{96EF204A-7317-46F4-B702-68D6548C65ED}.Release|Any CPU.ActiveCfg = Release|Any CPU
		{96EF204A-7317-46F4-B702-68D6548C65ED}.Release|Any CPU.Build.0 = Release|Any CPU
		{96EF204A-7317-46F4-B702-68D6548C65ED}.Release|x64.ActiveCfg = Release|Any CPU
		{96EF204A-7317-46F4-B702-68D6548C65ED}.Release|x64.Build.0 = Release|Any CPU
		{96EF204A-7317-46F4-B702-68D6548C65ED}.Release|x86.ActiveCfg = Release|Any CPU
		{96EF204A-7317-46F4-B702-68D6548C65ED}.Release|x86.Build.0 = Release|Any CPU
		{C18840A3-93FE-4F5A-AC88-FAA61008DC10}.Debug|Any CPU.ActiveCfg = Debug|Any CPU
		{C18840A3-93FE-4F5A-AC88-FAA61008DC10}.Debug|Any CPU.Build.0 = Debug|Any CPU
		{C18840A3-93FE-4F5A-AC88-FAA61008DC10}.Debug|x64.ActiveCfg = Debug|Any CPU
		{C18840A3-93FE-4F5A-AC88-FAA61008DC10}.Debug|x64.Build.0 = Debug|Any CPU
		{C18840A3-93FE-4F5A-AC88-FAA61008DC10}.Debug|x86.ActiveCfg = Debug|Any CPU
		{C18840A3-93FE-4F5A-AC88-FAA61008DC10}.Debug|x86.Build.0 = Debug|Any CPU
		{C18840A3-93FE-4F5A-AC88-FAA61008DC10}.Release|Any CPU.ActiveCfg = Release|Any CPU
		{C18840A3-93FE-4F5A-AC88-FAA61008DC10}.Release|Any CPU.Build.0 = Release|Any CPU
		{C18840A3-93FE-4F5A-AC88-FAA61008DC10}.Release|x64.ActiveCfg = Release|Any CPU
		{C18840A3-93FE-4F5A-AC88-FAA61008DC10}.Release|x64.Build.0 = Release|Any CPU
		{C18840A3-93FE-4F5A-AC88-FAA61008DC10}.Release|x86.ActiveCfg = Release|Any CPU
		{C18840A3-93FE-4F5A-AC88-FAA61008DC10}.Release|x86.Build.0 = Release|Any CPU
	EndGlobalSection
	GlobalSection(SolutionProperties) = preSolution
		HideSolutionNode = FALSE
	EndGlobalSection
	GlobalSection(NestedProjects) = preSolution
		{97A7AF8B-ABF3-43A5-A1C8-F739EE56CC67} = {827E0CD3-B72D-47B6-A68D-7590B98EB39B}
		{35CDE664-5E41-4D28-9AC6-338F3D48DEA2} = {827E0CD3-B72D-47B6-A68D-7590B98EB39B}
		{70477CD1-BBC3-415A-93BA-B8F77528D22B} = {827E0CD3-B72D-47B6-A68D-7590B98EB39B}
		{B73D7953-5D0F-419F-A2C9-3B987C9CF21A} = {827E0CD3-B72D-47B6-A68D-7590B98EB39B}
		{61DD06BE-0C44-4597-A7F2-A2C8881E4CF4} = {827E0CD3-B72D-47B6-A68D-7590B98EB39B}
		{E5F5E489-3EE1-4C9D-896C-B7C5EE565886} = {0AB3BF05-4346-4AA6-1389-037BE0695223}
		{B9B4735D-2E9A-440C-B76E-2492E50B4FE0} = {0AB3BF05-4346-4AA6-1389-037BE0695223}
		{30E28067-392E-4D12-AF5A-2C7E2DA093F8} = {0AB3BF05-4346-4AA6-1389-037BE0695223}
		{216F1881-BDBF-4381-A3FF-948E75C60446} = {0AB3BF05-4346-4AA6-1389-037BE0695223}
		{69443B2C-B26E-4533-BEDC-71BF9667FD0A} = {0AB3BF05-4346-4AA6-1389-037BE0695223}
		{38C40F78-D31E-46FB-AEFD-0C0CF13BF4D5} = {827E0CD3-B72D-47B6-A68D-7590B98EB39B}
		{40E29523-8E35-46FF-B332-325512633E46} = {827E0CD3-B72D-47B6-A68D-7590B98EB39B}
		{E77EE352-5701-4FBC-88FD-9CF9832483A8} = {0AB3BF05-4346-4AA6-1389-037BE0695223}
		{C5E52C00-B8B2-482E-83BA-A312954D435C} = {827E0CD3-B72D-47B6-A68D-7590B98EB39B}
		{96EF204A-7317-46F4-B702-68D6548C65ED} = {0AB3BF05-4346-4AA6-1389-037BE0695223}
		{C18840A3-93FE-4F5A-AC88-FAA61008DC10} = {0AB3BF05-4346-4AA6-1389-037BE0695223}
	EndGlobalSection
EndGlobal
